schema: '2.0'
stages:
  prepare:
    cmd: C:/Users/Eugene/Desktop/git/data-version-control/vemve/Scripts/python.exe
      src/prepare.py
    deps:
    - path: data/raw
      md5: 0392b870cdceba8db7b0456344deeee6.dir
      size: 53568
      nfiles: 9
    - path: src/prepare.py
      md5: dc8dea4883f549a3863495bca746a74d
      size: 1029
    outs:
    - path: data/prepared/test.csv
      md5: 61f9218bb08c21206521293f813e2bfc
      size: 88
    - path: data/prepared/train.csv
      md5: 61f9218bb08c21206521293f813e2bfc
      size: 88
  train:
    cmd: C:/Users/Eugene/Desktop/git/data-version-control/vemve/Scripts/python.exe
      src/train.py
    deps:
    - path: data/prepared/train.csv
      md5: 61f9218bb08c21206521293f813e2bfc
      size: 88
    - path: src/train.py
      md5: 16d0ffcab9f9de53e65916cccce60941
      size: 1402
    outs:
    - path: model/model.joblib
      md5: 61c6e9d8bcdb332a72f4ab89f2df0d3f
      size: 10
  evaluate:
    cmd: C:/Users/Eugene/Desktop/git/data-version-control/vemve/Scripts/python.exe
      src/evaluate.py
    deps:
    - path: model/model.joblib
      md5: 61c6e9d8bcdb332a72f4ab89f2df0d3f
      size: 10
    - path: src/evaluate.py
      md5: 7d1eb43a1092679ad5b38cb8b1679b6e
      size: 569
    outs:
    - path: metrics/accuracy.json
      md5: 0bdf08fef494103db4c3d1aca0fff116
      size: 15
